
Microsoft Visual Studio Solution File, Format Version 12.00
# Visual Studio Version 16
VisualStudioVersion = 16.0.30413.136
MinimumVisualStudioVersion = 10.0.40219.1
Project("{9A19103F-16F7-4668-BE54-9A1E7A4F7556}") = "OnChurch.Common", "OnChurch.Common\OnChurch.Common.csproj", "{5F025B38-2AB0-428E-B435-A31B497EB3F2}"
EndProject
Project("{9A19103F-16F7-4668-BE54-9A1E7A4F7556}") = "OnChurch.Web", "OnChurch.Web\OnChurch.Web.csproj", "{22FF8C0A-30AC-46CD-834C-11CF83625DBD}"
EndProject
Project("{FAE04EC0-301F-11D3-BF4B-00C04F79EFBC}") = "OnChurch.Prism", "OnChurch.Prism\OnChurch.Prism\OnChurch.Prism.csproj", "{6832B855-5530-4AC3-915F-A54002710CFE}"
EndProject
Project("{FAE04EC0-301F-11D3-BF4B-00C04F79EFBC}") = "OnChurch.Prism.Android", "OnChurch.Prism\OnChurch.Prism.Android\OnChurch.Prism.Android.csproj", "{B6FFCDF9-78E8-4AA6-B515-086DB2135B03}"
EndProject
Project("{FAE04EC0-301F-11D3-BF4B-00C04F79EFBC}") = "OnChurch.Prism.iOS", "OnChurch.Prism\OnChurch.Prism.iOS\OnChurch.Prism.iOS.csproj", "{27379DB3-E1D4-4BC5-9251-FEE846367099}"
EndProject
Global
	GlobalSection(SolutionConfigurationPlatforms) = preSolution
		Ad-Hoc|Any CPU = Ad-Hoc|Any CPU
		Ad-Hoc|iPhone = Ad-Hoc|iPhone
		Ad-Hoc|iPhoneSimulator = Ad-Hoc|iPhoneSimulator
		AppStore|Any CPU = AppStore|Any CPU
		AppStore|iPhone = AppStore|iPhone
		AppStore|iPhoneSimulator = AppStore|iPhoneSimulator
		Debug|Any CPU = Debug|Any CPU
		Debug|iPhone = Debug|iPhone
		Debug|iPhoneSimulator = Debug|iPhoneSimulator
		Release|Any CPU = Release|Any CPU
		Release|iPhone = Release|iPhone
		Release|iPhoneSimulator = Release|iPhoneSimulator
	EndGlobalSection
	GlobalSection(ProjectConfigurationPlatforms) = postSolution
		{5F025B38-2AB0-428E-B435-A31B497EB3F2}.Ad-Hoc|Any CPU.ActiveCfg = Release|Any CPU
		{5F025B38-2AB0-428E-B435-A31B497EB3F2}.Ad-Hoc|Any CPU.Build.0 = Release|Any CPU
		{5F025B38-2AB0-428E-B435-A31B497EB3F2}.Ad-Hoc|iPhone.ActiveCfg = Release|Any CPU
		{5F025B38-2AB0-428E-B435-A31B497EB3F2}.Ad-Hoc|iPhone.Build.0 = Release|Any CPU
		{5F025B38-2AB0-428E-B435-A31B497EB3F2}.Ad-Hoc|iPhoneSimulator.ActiveCfg = Release|Any CPU
		{5F025B38-2AB0-428E-B435-A31B497EB3F2}.Ad-Hoc|iPhoneSimulator.Build.0 = Release|Any CPU
		{5F025B38-2AB0-428E-B435-A31B497EB3F2}.AppStore|Any CPU.ActiveCfg = Release|Any CPU
		{5F025B38-2AB0-428E-B435-A31B497EB3F2}.AppStore|Any CPU.Build.0 = Release|Any CPU
		{5F025B38-2AB0-428E-B435-A31B497EB3F2}.AppStore|iPhone.ActiveCfg = Release|Any CPU
		{5F025B38-2AB0-428E-B435-A31B497EB3F2}.AppStore|iPhone.Build.0 = Release|Any CPU
		{5F025B38-2AB0-428E-B435-A31B497EB3F2}.AppStore|iPhoneSimulator.ActiveCfg = Release|Any CPU
		{5F025B38-2AB0-428E-B435-A31B497EB3F2}.AppStore|iPhoneSimulator.Build.0 = Release|Any CPU
		{5F025B38-2AB0-428E-B435-A31B497EB3F2}.Debug|Any CPU.ActiveCfg = Debug|Any CPU
		{5F025B38-2AB0-428E-B435-A31B497EB3F2}.Debug|Any CPU.Build.0 = Debug|Any CPU
		{5F025B38-2AB0-428E-B435-A31B497EB3F2}.Debug|iPhone.ActiveCfg = Debug|Any CPU
		{5F025B38-2AB0-428E-B435-A31B497EB3F2}.Debug|iPhone.Build.0 = Debug|Any CPU
		{5F025B38-2AB0-428E-B435-A31B497EB3F2}.Debug|iPhoneSimulator.ActiveCfg = Debug|Any CPU
		{5F025B38-2AB0-428E-B435-A31B497EB3F2}.Debug|iPhoneSimulator.Build.0 = Debug|Any CPU
		{5F025B38-2AB0-428E-B435-A31B497EB3F2}.Release|Any CPU.ActiveCfg = Release|Any CPU
		{5F025B38-2AB0-428E-B435-A31B497EB3F2}.Release|Any CPU.Build.0 = Release|Any CPU
		{5F025B38-2AB0-428E-B435-A31B497EB3F2}.Release|iPhone.ActiveCfg = Release|Any CPU
		{5F025B38-2AB0-428E-B435-A31B497EB3F2}.Release|iPhone.Build.0 = Release|Any CPU
		{5F025B38-2AB0-428E-B435-A31B497EB3F2}.Release|iPhoneSimulator.ActiveCfg = Release|Any CPU
		{5F025B38-2AB0-428E-B435-A31B497EB3F2}.Release|iPhoneSimulator.Build.0 = Release|Any CPU
		{22FF8C0A-30AC-46CD-834C-11CF83625DBD}.Ad-Hoc|Any CPU.ActiveCfg = Release|Any CPU
		{22FF8C0A-30AC-46CD-834C-11CF83625DBD}.Ad-Hoc|Any CPU.Build.0 = Release|Any CPU
		{22FF8C0A-30AC-46CD-834C-11CF83625DBD}.Ad-Hoc|iPhone.ActiveCfg = Release|Any CPU
		{22FF8C0A-30AC-46CD-834C-11CF83625DBD}.Ad-Hoc|iPhone.Build.0 = Release|Any CPU
		{22FF8C0A-30AC-46CD-834C-11CF83625DBD}.Ad-Hoc|iPhoneSimulator.ActiveCfg = Release|Any CPU
		{22FF8C0A-30AC-46CD-834C-11CF83625DBD}.Ad-Hoc|iPhoneSimulator.Build.0 = Release|Any CPU
		{22FF8C0A-30AC-46CD-834C-11CF83625DBD}.AppStore|Any CPU.ActiveCfg = Release|Any CPU
		{22FF8C0A-30AC-46CD-834C-11CF83625DBD}.AppStore|Any CPU.Build.0 = Release|Any CPU
		{22FF8C0A-30AC-46CD-834C-11CF83625DBD}.AppStore|iPhone.ActiveCfg = Release|Any CPU
		{22FF8C0A-30AC-46CD-834C-11CF83625DBD}.AppStore|iPhone.Build.0 = Release|Any CPU
		{22FF8C0A-30AC-46CD-834C-11CF83625DBD}.AppStore|iPhoneSimulator.ActiveCfg = Release|Any CPU
		{22FF8C0A-30AC-46CD-834C-11CF83625DBD}.AppStore|iPhoneSimulator.Build.0 = Release|Any CPU
		{22FF8C0A-30AC-46CD-834C-11CF83625DBD}.Debug|Any CPU.ActiveCfg = Debug|Any CPU
		{22FF8C0A-30AC-46CD-834C-11CF83625DBD}.Debug|Any CPU.Build.0 = Debug|Any CPU
		{22FF8C0A-30AC-46CD-834C-11CF83625DBD}.Debug|iPhone.ActiveCfg = Debug|Any CPU
		{22FF8C0A-30AC-46CD-834C-11CF83625DBD}.Debug|iPhone.Build.0 = Debug|Any CPU
		{22FF8C0A-30AC-46CD-834C-11CF83625DBD}.Debug|iPhoneSimulator.ActiveCfg = Debug|Any CPU
		{22FF8C0A-30AC-46CD-834C-11CF83625DBD}.Debug|iPhoneSimulator.Build.0 = Debug|Any CPU
		{22FF8C0A-30AC-46CD-834C-11CF83625DBD}.Release|Any CPU.ActiveCfg = Release|Any CPU
		{22FF8C0A-30AC-46CD-834C-11CF83625DBD}.Release|Any CPU.Build.0 = Release|Any CPU
		{22FF8C0A-30AC-46CD-834C-11CF83625DBD}.Release|iPhone.ActiveCfg = Release|Any CPU
		{22FF8C0A-30AC-46CD-834C-11CF83625DBD}.Release|iPhone.Build.0 = Release|Any CPU
		{22FF8C0A-30AC-46CD-834C-11CF83625DBD}.Release|iPhoneSimulator.ActiveCfg = Release|Any CPU
		{22FF8C0A-30AC-46CD-834C-11CF83625DBD}.Release|iPhoneSimulator.Build.0 = Release|Any CPU
		{6832B855-5530-4AC3-915F-A54002710CFE}.Ad-Hoc|Any CPU.ActiveCfg = Debug|Any CPU
		{6832B855-5530-4AC3-915F-A54002710CFE}.Ad-Hoc|Any CPU.Build.0 = Debug|Any CPU
		{6832B855-5530-4AC3-915F-A54002710CFE}.Ad-Hoc|iPhone.ActiveCfg = Debug|Any CPU
		{6832B855-5530-4AC3-915F-A54002710CFE}.Ad-Hoc|iPhone.Build.0 = Debug|Any CPU
		{6832B855-5530-4AC3-915F-A54002710CFE}.Ad-Hoc|iPhoneSimulator.ActiveCfg = Debug|Any CPU
		{6832B855-5530-4AC3-915F-A54002710CFE}.Ad-Hoc|iPhoneSimulator.Build.0 = Debug|Any CPU
		{6832B855-5530-4AC3-915F-A54002710CFE}.AppStore|Any CPU.ActiveCfg = Debug|Any CPU
		{6832B855-5530-4AC3-915F-A54002710CFE}.AppStore|Any CPU.Build.0 = Debug|Any CPU
		{6832B855-5530-4AC3-915F-A54002710CFE}.AppStore|iPhone.ActiveCfg = Debug|Any CPU
		{6832B855-5530-4AC3-915F-A54002710CFE}.AppStore|iPhone.Build.0 = Debug|Any CPU
		{6832B855-5530-4AC3-915F-A54002710CFE}.AppStore|iPhoneSimulator.ActiveCfg = Debug|Any CPU
		{6832B855-5530-4AC3-915F-A54002710CFE}.AppStore|iPhoneSimulator.Build.0 = Debug|Any CPU
		{6832B855-5530-4AC3-915F-A54002710CFE}.Debug|Any CPU.ActiveCfg = Debug|Any CPU
		{6832B855-5530-4AC3-915F-A54002710CFE}.Debug|Any CPU.Build.0 = Debug|Any CPU
		{6832B855-5530-4AC3-915F-A54002710CFE}.Debug|iPhone.ActiveCfg = Debug|Any CPU
		{6832B855-5530-4AC3-915F-A54002710CFE}.Debug|iPhone.Build.0 = Debug|Any CPU
		{6832B855-5530-4AC3-915F-A54002710CFE}.Debug|iPhoneSimulator.ActiveCfg = Debug|Any CPU
		{6832B855-5530-4AC3-915F-A54002710CFE}.Debug|iPhoneSimulator.Build.0 = Debug|Any CPU
		{6832B855-5530-4AC3-915F-A54002710CFE}.Release|Any CPU.ActiveCfg = Release|Any CPU
		{6832B855-5530-4AC3-915F-A54002710CFE}.Release|Any CPU.Build.0 = Release|Any CPU
		{6832B855-5530-4AC3-915F-A54002710CFE}.Release|iPhone.ActiveCfg = Release|Any CPU
		{6832B855-5530-4AC3-915F-A54002710CFE}.Release|iPhone.Build.0 = Release|Any CPU
		{6832B855-5530-4AC3-915F-A54002710CFE}.Release|iPhoneSimulator.ActiveCfg = Release|Any CPU
		{6832B855-5530-4AC3-915F-A54002710CFE}.Release|iPhoneSimulator.Build.0 = Release|Any CPU
		{B6FFCDF9-78E8-4AA6-B515-086DB2135B03}.Ad-Hoc|Any CPU.ActiveCfg = Release|Any CPU
		{B6FFCDF9-78E8-4AA6-B515-086DB2135B03}.Ad-Hoc|Any CPU.Build.0 = Release|Any CPU
		{B6FFCDF9-78E8-4AA6-B515-086DB2135B03}.Ad-Hoc|Any CPU.Deploy.0 = Release|Any CPU
		{B6FFCDF9-78E8-4AA6-B515-086DB2135B03}.Ad-Hoc|iPhone.ActiveCfg = Release|Any CPU
		{B6FFCDF9-78E8-4AA6-B515-086DB2135B03}.Ad-Hoc|iPhone.Build.0 = Release|Any CPU
		{B6FFCDF9-78E8-4AA6-B515-086DB2135B03}.Ad-Hoc|iPhone.Deploy.0 = Release|Any CPU
		{B6FFCDF9-78E8-4AA6-B515-086DB2135B03}.Ad-Hoc|iPhoneSimulator.ActiveCfg = Release|Any CPU
		{B6FFCDF9-78E8-4AA6-B515-086DB2135B03}.Ad-Hoc|iPhoneSimulator.Build.0 = Release|Any CPU
		{B6FFCDF9-78E8-4AA6-B515-086DB2135B03}.Ad-Hoc|iPhoneSimulator.Deploy.0 = Release|Any CPU
		{B6FFCDF9-78E8-4AA6-B515-086DB2135B03}.AppStore|Any CPU.ActiveCfg = Release|Any CPU
		{B6FFCDF9-78E8-4AA6-B515-086DB2135B03}.AppStore|Any CPU.Build.0 = Release|Any CPU
		{B6FFCDF9-78E8-4AA6-B515-086DB2135B03}.AppStore|Any CPU.Deploy.0 = Release|Any CPU
		{B6FFCDF9-78E8-4AA6-B515-086DB2135B03}.AppStore|iPhone.ActiveCfg = Release|Any CPU
		{B6FFCDF9-78E8-4AA6-B515-086DB2135B03}.AppStore|iPhone.Build.0 = Release|Any CPU
		{B6FFCDF9-78E8-4AA6-B515-086DB2135B03}.AppStore|iPhone.Deploy.0 = Release|Any CPU
		{B6FFCDF9-78E8-4AA6-B515-086DB2135B03}.AppStore|iPhoneSimulator.ActiveCfg = Release|Any CPU
		{B6FFCDF9-78E8-4AA6-B515-086DB2135B03}.AppStore|iPhoneSimulator.Build.0 = Release|Any CPU
		{B6FFCDF9-78E8-4AA6-B515-086DB2135B03}.AppStore|iPhoneSimulator.Deploy.0 = Release|Any CPU
		{B6FFCDF9-78E8-4AA6-B515-086DB2135B03}.Debug|Any CPU.ActiveCfg = Debug|Any CPU
		{B6FFCDF9-78E8-4AA6-B515-086DB2135B03}.Debug|Any CPU.Build.0 = Debug|Any CPU
		{B6FFCDF9-78E8-4AA6-B515-086DB2135B03}.Debug|Any CPU.Deploy.0 = Debug|Any CPU
		{B6FFCDF9-78E8-4AA6-B515-086DB2135B03}.Debug|iPhone.ActiveCfg = Debug|Any CPU
		{B6FFCDF9-78E8-4AA6-B515-086DB2135B03}.Debug|iPhone.Build.0 = Debug|Any CPU
		{B6FFCDF9-78E8-4AA6-B515-086DB2135B03}.Debug|iPhone.Deploy.0 = Debug|Any CPU
		{B6FFCDF9-78E8-4AA6-B515-086DB2135B03}.Debug|iPhoneSimulator.ActiveCfg = Debug|Any CPU
		{B6FFCDF9-78E8-4AA6-B515-086DB2135B03}.Debug|iPhoneSimulator.Build.0 = Debug|Any CPU
		{B6FFCDF9-78E8-4AA6-B515-086DB2135B03}.Debug|iPhoneSimulator.Deploy.0 = Debug|Any CPU
		{B6FFCDF9-78E8-4AA6-B515-086DB2135B03}.Release|Any CPU.ActiveCfg = Release|Any CPU
		{B6FFCDF9-78E8-4AA6-B515-086DB2135B03}.Release|Any CPU.Build.0 = Release|Any CPU
		{B6FFCDF9-78E8-4AA6-B515-086DB2135B03}.Release|Any CPU.Deploy.0 = Release|Any CPU
		{B6FFCDF9-78E8-4AA6-B515-086DB2135B03}.Release|iPhone.ActiveCfg = Release|Any CPU
		{B6FFCDF9-78E8-4AA6-B515-086DB2135B03}.Release|iPhone.Build.0 = Release|Any CPU
		{B6FFCDF9-78E8-4AA6-B515-086DB2135B03}.Release|iPhone.Deploy.0 = Release|Any CPU
		{B6FFCDF9-78E8-4AA6-B515-086DB2135B03}.Release|iPhoneSimulator.ActiveCfg = Release|Any CPU
		{B6FFCDF9-78E8-4AA6-B515-086DB2135B03}.Release|iPhoneSimulator.Build.0 = Release|Any CPU
		{B6FFCDF9-78E8-4AA6-B515-086DB2135B03}.Release|iPhoneSimulator.Deploy.0 = Release|Any CPU
		{27379DB3-E1D4-4BC5-9251-FEE846367099}.Ad-Hoc|Any CPU.ActiveCfg = Ad-Hoc|iPhone
		{27379DB3-E1D4-4BC5-9251-FEE846367099}.Ad-Hoc|iPhone.ActiveCfg = Ad-Hoc|iPhone
		{27379DB3-E1D4-4BC5-9251-FEE846367099}.Ad-Hoc|iPhone.Build.0 = Ad-Hoc|iPhone
		{27379DB3-E1D4-4BC5-9251-FEE846367099}.Ad-Hoc|iPhoneSimulator.ActiveCfg = Ad-Hoc|iPhoneSimulator
		{27379DB3-E1D4-4BC5-9251-FEE846367099}.Ad-Hoc|iPhoneSimulator.Build.0 = Ad-Hoc|iPhoneSimulator
		{27379DB3-E1D4-4BC5-9251-FEE846367099}.AppStore|Any CPU.ActiveCfg = AppStore|iPhone
		{27379DB3-E1D4-4BC5-9251-FEE846367099}.AppStore|iPhone.ActiveCfg = AppStore|iPhone
		{27379DB3-E1D4-4BC5-9251-FEE846367099}.AppStore|iPhone.Build.0 = AppStore|iPhone
		{27379DB3-E1D4-4BC5-9251-FEE846367099}.AppStore|iPhoneSimulator.ActiveCfg = AppStore|iPhoneSimulator
		{27379DB3-E1D4-4BC5-9251-FEE846367099}.AppStore|iPhoneSimulator.Build.0 = AppStore|iPhoneSimulator
		{27379DB3-E1D4-4BC5-9251-FEE846367099}.Debug|Any CPU.ActiveCfg = Debug|iPhone
		{27379DB3-E1D4-4BC5-9251-FEE846367099}.Debug|iPhone.ActiveCfg = Debug|iPhone
		{27379DB3-E1D4-4BC5-9251-FEE846367099}.Debug|iPhone.Build.0 = Debug|iPhone
		{27379DB3-E1D4-4BC5-9251-FEE846367099}.Debug|iPhoneSimulator.ActiveCfg = Debug|iPhoneSimulator
		{27379DB3-E1D4-4BC5-9251-FEE846367099}.Debug|iPhoneSimulator.Build.0 = Debug|iPhoneSimulator
		{27379DB3-E1D4-4BC5-9251-FEE846367099}.Release|Any CPU.ActiveCfg = Release|iPhone
		{27379DB3-E1D4-4BC5-9251-FEE846367099}.Release|iPhone.ActiveCfg = Release|iPhone
		{27379DB3-E1D4-4BC5-9251-FEE846367099}.Release|iPhone.Build.0 = Release|iPhone
		{27379DB3-E1D4-4BC5-9251-FEE846367099}.Release|iPhoneSimulator.ActiveCfg = Release|iPhoneSimulator
		{27379DB3-E1D4-4BC5-9251-FEE846367099}.Release|iPhoneSimulator.Build.0 = Release|iPhoneSimulator
	EndGlobalSection
	GlobalSection(SolutionProperties) = preSolution
		HideSolutionNode = FALSE
	EndGlobalSection
	GlobalSection(ExtensibilityGlobals) = postSolution
		SolutionGuid = {C624B36A-DB04-457F-A017-1F1BA3DEE886}
	EndGlobalSection
EndGlobal
